
Microsoft Visual Studio Solution File, Format Version 12.00
# Visual Studio 15
VisualStudioVersion = 15.0.27703.2042
MinimumVisualStudioVersion = 10.0.40219.1
Project("{9A19103F-16F7-4668-BE54-9A1E7A4F7556}") = "Problem13", "Problem13\Problem13.csproj", "{933C3FA5-9868-420D-9672-A5F27FD25C2E}"
EndProject
Project("{9A19103F-16F7-4668-BE54-9A1E7A4F7556}") = "Problem12", "Problem12\Problem12.csproj", "{E6FD952B-9128-4DD6-A636-AE1FE66D43EC}"
EndProject
Project("{9A19103F-16F7-4668-BE54-9A1E7A4F7556}") = "Problem16", "Problem16\Problem16.csproj", "{694119BA-65C7-4D9C-89DD-F9EB8DED0603}"
EndProject
Project("{9A19103F-16F7-4668-BE54-9A1E7A4F7556}") = "Problem20", "Problem20\Problem20.csproj", "{E91403BF-8CB0-45CD-AE71-729BA6E63EF0}"
EndProject
Project("{9A19103F-16F7-4668-BE54-9A1E7A4F7556}") = "Problem21", "Problem21\Problem21.csproj", "{51557748-124E-42AE-9DEF-E73F93CBAC4B}"
EndProject
Project("{9A19103F-16F7-4668-BE54-9A1E7A4F7556}") = "Problem25", "Problem25\Problem25.csproj", "{61A74A13-4CC5-41FF-893D-909C9947B11F}"
EndProject
Project("{9A19103F-16F7-4668-BE54-9A1E7A4F7556}") = "Problem23", "Problem23\Problem23.csproj", "{D0D53278-F937-4155-BB11-358A9DB83D04}"
EndProject
Project("{9A19103F-16F7-4668-BE54-9A1E7A4F7556}") = "Problem5", "Problem5\Problem5.csproj", "{436E70CC-D320-4B44-8A39-8C8341A96F0A}"
EndProject
Project("{9A19103F-16F7-4668-BE54-9A1E7A4F7556}") = "Problem9", "Problem9\Problem9.csproj", "{8AE3C2BA-B53D-49FA-86CF-27A4DFCA8D0D}"
EndProject
Project("{9A19103F-16F7-4668-BE54-9A1E7A4F7556}") = "Problem10", "Problem10\Problem10.csproj", "{AA61F302-883B-46F3-8564-A00E8E90A539}"
EndProject
Project("{9A19103F-16F7-4668-BE54-9A1E7A4F7556}") = "Problem11", "Problem11\Problem11.csproj", "{47818359-6C09-4122-962D-F61F34BE0782}"
EndProject
Project("{9A19103F-16F7-4668-BE54-9A1E7A4F7556}") = "Problem22", "Problem22\Problem22.csproj", "{8EEDFDF4-AC77-41CE-8DAD-0FD6D48D173B}"
EndProject
Project("{9A19103F-16F7-4668-BE54-9A1E7A4F7556}") = "Problem18", "Problem18\Problem18.csproj", "{3D5B1F9D-77E3-4E96-A31C-348151786F7C}"
EndProject
Project("{9A19103F-16F7-4668-BE54-9A1E7A4F7556}") = "Problem28", "Problem28\Problem28.csproj", "{C2FF3B89-7408-4B07-83D7-840EBA365643}"
EndProject
Project("{9A19103F-16F7-4668-BE54-9A1E7A4F7556}") = "Problem29", "Problem29\Problem29.csproj", "{C3418EFE-3EF0-4A73-86FF-06C1DF1A74D1}"
EndProject
Project("{9A19103F-16F7-4668-BE54-9A1E7A4F7556}") = "Problem24", "Problem24\Problem24.csproj", "{F16B8778-66FC-4FF7-BF58-DDB3F9EAC2B3}"
EndProject
Project("{9A19103F-16F7-4668-BE54-9A1E7A4F7556}") = "Problem30", "Problem30\Problem30.csproj", "{D5E6F0B6-7166-4E6E-86FF-542CC2D7397F}"
EndProject
Project("{9A19103F-16F7-4668-BE54-9A1E7A4F7556}") = "Problem27", "Problem27\Problem27.csproj", "{F1BBB0D1-5931-47B3-B6FB-E7CDB2078C43}"
EndProject
Project("{9A19103F-16F7-4668-BE54-9A1E7A4F7556}") = "Problem32", "Problem32\Problem32.csproj", "{C5EA0439-D7C3-4B2C-A52F-B9D75D846DEB}"
EndProject
Project("{9A19103F-16F7-4668-BE54-9A1E7A4F7556}") = "Problem34", "Problem34\Problem34.csproj", "{13A40410-8768-4070-A4C9-1FE82720E4C2}"
EndProject
Project("{9A19103F-16F7-4668-BE54-9A1E7A4F7556}") = "Problem36", "Problem36\Problem36.csproj", "{0315CF4A-8422-4CB5-868A-933FF29917A5}"
EndProject
Project("{9A19103F-16F7-4668-BE54-9A1E7A4F7556}") = "Problem35", "Problem35\Problem35.csproj", "{5BBBA159-E8C7-4F47-A6C4-6FE9A643527A}"
EndProject
Project("{9A19103F-16F7-4668-BE54-9A1E7A4F7556}") = "Problem37", "Problem37\Problem37.csproj", "{94E86738-1209-4EB0-B699-6DD1CE2B17F3}"
EndProject
Project("{9A19103F-16F7-4668-BE54-9A1E7A4F7556}") = "Problem38", "Problem38\Problem38.csproj", "{92D304AC-A2C9-43FD-AC22-1BDB4D07695A}"
EndProject
Project("{9A19103F-16F7-4668-BE54-9A1E7A4F7556}") = "Problem1", "Problem1\Problem1.csproj", "{ED740556-A1A9-4DFD-BB4E-D69CA27149DA}"
EndProject
Project("{9A19103F-16F7-4668-BE54-9A1E7A4F7556}") = "Problem2", "Problem2\Problem2.csproj", "{E22F3668-33B8-44ED-B9B4-04A7CCFF1367}"
EndProject
Project("{9A19103F-16F7-4668-BE54-9A1E7A4F7556}") = "Problem3", "Problem3\Problem3.csproj", "{EFC0345B-4796-4E85-BE6A-95011FB92E5C}"
EndProject
Project("{9A19103F-16F7-4668-BE54-9A1E7A4F7556}") = "Problem4", "Problem4\Problem4.csproj", "{C8DA96C0-909A-45BD-A6D8-0998B980D038}"
EndProject
Project("{9A19103F-16F7-4668-BE54-9A1E7A4F7556}") = "Problem6", "Problem6\Problem6.csproj", "{F9615B51-15DC-4B88-A332-2C8DC25E87F0}"
EndProject
Project("{9A19103F-16F7-4668-BE54-9A1E7A4F7556}") = "Problem7", "Problem7\Problem7.csproj", "{992E3D93-DDC1-4738-9FDE-58AE3A8D4611}"
EndProject
Project("{9A19103F-16F7-4668-BE54-9A1E7A4F7556}") = "Problem8", "Problem8\Problem8.csproj", "{AEA1A7DD-16E6-4EDE-895B-2BB98254476F}"
EndProject
Project("{9A19103F-16F7-4668-BE54-9A1E7A4F7556}") = "Problem14", "Problem14\Problem14.csproj", "{E830E70F-316F-4E34-8A66-9E114D33A92A}"
EndProject
Project("{9A19103F-16F7-4668-BE54-9A1E7A4F7556}") = "Problem41", "Problem41\Problem41.csproj", "{60BF6550-0CBE-4416-A423-5054150D2E16}"
EndProject
Project("{9A19103F-16F7-4668-BE54-9A1E7A4F7556}") = "Problem44", "Problem44\Problem44.csproj", "{6F57D4AF-2353-4690-94B3-B61331D9A687}"
EndProject
Project("{9A19103F-16F7-4668-BE54-9A1E7A4F7556}") = "Problem39", "Problem39\Problem39.csproj", "{292CFB88-FB0D-4D54-B630-1E04EFF73349}"
EndProject
Project("{9A19103F-16F7-4668-BE54-9A1E7A4F7556}") = "Problem42", "Problem42\Problem42.csproj", "{6833979C-AA2A-4F6D-842E-0B00D70B4223}"
EndProject
Project("{9A19103F-16F7-4668-BE54-9A1E7A4F7556}") = "Problem17", "Problem17\Problem17.csproj", "{8C4B9758-3618-4DCC-B26E-BE2F4E44EBB9}"
EndProject
Project("{9A19103F-16F7-4668-BE54-9A1E7A4F7556}") = "Problem45", "Problem45\Problem45.csproj", "{5A10F8B1-735E-45A7-87E0-9816CD9A781A}"
EndProject
Project("{9A19103F-16F7-4668-BE54-9A1E7A4F7556}") = "Problem43", "Problem43\Problem43.csproj", "{675082BA-38C6-4BD6-A9AA-244A18DADB0F}"
EndProject
Project("{9A19103F-16F7-4668-BE54-9A1E7A4F7556}") = "Problem46", "Problem46\Problem46.csproj", "{EF31C6DC-4B92-46FE-9400-0909ABE6857E}"
EndProject
Project("{9A19103F-16F7-4668-BE54-9A1E7A4F7556}") = "Problem48", "Problem48\Problem48.csproj", "{195FD517-92F1-4BC8-8DDC-D54DC22848BE}"
EndProject
Project("{9A19103F-16F7-4668-BE54-9A1E7A4F7556}") = "Problem47", "Problem47\Problem47.csproj", "{45D2CA16-AECB-43BC-B7DE-4CB43FD9D5C8}"
EndProject
Project("{9A19103F-16F7-4668-BE54-9A1E7A4F7556}") = "Problem49", "Problem49\Problem49.csproj", "{C9F3C258-0375-4559-88BB-0B75A01B547C}"
EndProject
Project("{9A19103F-16F7-4668-BE54-9A1E7A4F7556}") = "Problem40", "Problem40\Problem40.csproj", "{81A20896-BCC9-4DB6-A626-CC9D7052931D}"
EndProject
Project("{9A19103F-16F7-4668-BE54-9A1E7A4F7556}") = "Problem50", "Problem50\Problem50.csproj", "{0A6574C5-8B9A-413F-97BC-B0975F83F979}"
EndProject
Project("{9A19103F-16F7-4668-BE54-9A1E7A4F7556}") = "Common", "Common\Common.csproj", "{143ABC2D-4E4D-4B72-8B74-947B15EB77C1}"
EndProject
Project("{9A19103F-16F7-4668-BE54-9A1E7A4F7556}") = "Problem33", "Problem33\Problem33.csproj", "{F1E75CA7-4073-4DEE-9A97-ADA8A0977C76}"
EndProject
Project("{9A19103F-16F7-4668-BE54-9A1E7A4F7556}") = "Problem15", "Problem15\Problem15.csproj", "{24E8793A-21EC-4D34-BBF0-177BE1175D6C}"
EndProject
Project("{FAE04EC0-301F-11D3-BF4B-00C04F79EFBC}") = "Problem31", "Problem31\Problem31.csproj", "{5D66CB2C-7BDA-4489-AFD8-9E3D6D93289C}"
EndProject
Global
	GlobalSection(SolutionConfigurationPlatforms) = preSolution
		Debug|Any CPU = Debug|Any CPU
		Debug|x64 = Debug|x64
		Debug|x86 = Debug|x86
		Release|Any CPU = Release|Any CPU
		Release|x64 = Release|x64
		Release|x86 = Release|x86
	EndGlobalSection
	GlobalSection(ProjectConfigurationPlatforms) = postSolution
		{933C3FA5-9868-420D-9672-A5F27FD25C2E}.Debug|Any CPU.ActiveCfg = Debug|Any CPU
		{933C3FA5-9868-420D-9672-A5F27FD25C2E}.Debug|Any CPU.Build.0 = Debug|Any CPU
		{933C3FA5-9868-420D-9672-A5F27FD25C2E}.Debug|x64.ActiveCfg = Debug|Any CPU
		{933C3FA5-9868-420D-9672-A5F27FD25C2E}.Debug|x64.Build.0 = Debug|Any CPU
		{933C3FA5-9868-420D-9672-A5F27FD25C2E}.Debug|x86.ActiveCfg = Debug|Any CPU
		{933C3FA5-9868-420D-9672-A5F27FD25C2E}.Debug|x86.Build.0 = Debug|Any CPU
		{933C3FA5-9868-420D-9672-A5F27FD25C2E}.Release|Any CPU.ActiveCfg = Release|Any CPU
		{933C3FA5-9868-420D-9672-A5F27FD25C2E}.Release|Any CPU.Build.0 = Release|Any CPU
		{933C3FA5-9868-420D-9672-A5F27FD25C2E}.Release|x64.ActiveCfg = Release|Any CPU
		{933C3FA5-9868-420D-9672-A5F27FD25C2E}.Release|x64.Build.0 = Release|Any CPU
		{933C3FA5-9868-420D-9672-A5F27FD25C2E}.Release|x86.ActiveCfg = Release|Any CPU
		{933C3FA5-9868-420D-9672-A5F27FD25C2E}.Release|x86.Build.0 = Release|Any CPU
		{E6FD952B-9128-4DD6-A636-AE1FE66D43EC}.Debug|Any CPU.ActiveCfg = Debug|Any CPU
		{E6FD952B-9128-4DD6-A636-AE1FE66D43EC}.Debug|Any CPU.Build.0 = Debug|Any CPU
		{E6FD952B-9128-4DD6-A636-AE1FE66D43EC}.Debug|x64.ActiveCfg = Debug|Any CPU
		{E6FD952B-9128-4DD6-A636-AE1FE66D43EC}.Debug|x64.Build.0 = Debug|Any CPU
		{E6FD952B-9128-4DD6-A636-AE1FE66D43EC}.Debug|x86.ActiveCfg = Debug|Any CPU
		{E6FD952B-9128-4DD6-A636-AE1FE66D43EC}.Debug|x86.Build.0 = Debug|Any CPU
		{E6FD952B-9128-4DD6-A636-AE1FE66D43EC}.Release|Any CPU.ActiveCfg = Release|Any CPU
		{E6FD952B-9128-4DD6-A636-AE1FE66D43EC}.Release|Any CPU.Build.0 = Release|Any CPU
		{E6FD952B-9128-4DD6-A636-AE1FE66D43EC}.Release|x64.ActiveCfg = Release|Any CPU
		{E6FD952B-9128-4DD6-A636-AE1FE66D43EC}.Release|x64.Build.0 = Release|Any CPU
		{E6FD952B-9128-4DD6-A636-AE1FE66D43EC}.Release|x86.ActiveCfg = Release|Any CPU
		{E6FD952B-9128-4DD6-A636-AE1FE66D43EC}.Release|x86.Build.0 = Release|Any CPU
		{694119BA-65C7-4D9C-89DD-F9EB8DED0603}.Debug|Any CPU.ActiveCfg = Debug|Any CPU
		{694119BA-65C7-4D9C-89DD-F9EB8DED0603}.Debug|Any CPU.Build.0 = Debug|Any CPU
		{694119BA-65C7-4D9C-89DD-F9EB8DED0603}.Debug|x64.ActiveCfg = Debug|Any CPU
		{694119BA-65C7-4D9C-89DD-F9EB8DED0603}.Debug|x64.Build.0 = Debug|Any CPU
		{694119BA-65C7-4D9C-89DD-F9EB8DED0603}.Debug|x86.ActiveCfg = Debug|Any CPU
		{694119BA-65C7-4D9C-89DD-F9EB8DED0603}.Debug|x86.Build.0 = Debug|Any CPU
		{694119BA-65C7-4D9C-89DD-F9EB8DED0603}.Release|Any CPU.ActiveCfg = Release|Any CPU
		{694119BA-65C7-4D9C-89DD-F9EB8DED0603}.Release|Any CPU.Build.0 = Release|Any CPU
		{694119BA-65C7-4D9C-89DD-F9EB8DED0603}.Release|x64.ActiveCfg = Release|Any CPU
		{694119BA-65C7-4D9C-89DD-F9EB8DED0603}.Release|x64.Build.0 = Release|Any CPU
		{694119BA-65C7-4D9C-89DD-F9EB8DED0603}.Release|x86.ActiveCfg = Release|Any CPU
		{694119BA-65C7-4D9C-89DD-F9EB8DED0603}.Release|x86.Build.0 = Release|Any CPU
		{E91403BF-8CB0-45CD-AE71-729BA6E63EF0}.Debug|Any CPU.ActiveCfg = Debug|Any CPU
		{E91403BF-8CB0-45CD-AE71-729BA6E63EF0}.Debug|Any CPU.Build.0 = Debug|Any CPU
		{E91403BF-8CB0-45CD-AE71-729BA6E63EF0}.Debug|x64.ActiveCfg = Debug|Any CPU
		{E91403BF-8CB0-45CD-AE71-729BA6E63EF0}.Debug|x64.Build.0 = Debug|Any CPU
		{E91403BF-8CB0-45CD-AE71-729BA6E63EF0}.Debug|x86.ActiveCfg = Debug|Any CPU
		{E91403BF-8CB0-45CD-AE71-729BA6E63EF0}.Debug|x86.Build.0 = Debug|Any CPU
		{E91403BF-8CB0-45CD-AE71-729BA6E63EF0}.Release|Any CPU.ActiveCfg = Release|Any CPU
		{E91403BF-8CB0-45CD-AE71-729BA6E63EF0}.Release|Any CPU.Build.0 = Release|Any CPU
		{E91403BF-8CB0-45CD-AE71-729BA6E63EF0}.Release|x64.ActiveCfg = Release|Any CPU
		{E91403BF-8CB0-45CD-AE71-729BA6E63EF0}.Release|x64.Build.0 = Release|Any CPU
		{E91403BF-8CB0-45CD-AE71-729BA6E63EF0}.Release|x86.ActiveCfg = Release|Any CPU
		{E91403BF-8CB0-45CD-AE71-729BA6E63EF0}.Release|x86.Build.0 = Release|Any CPU
		{51557748-124E-42AE-9DEF-E73F93CBAC4B}.Debug|Any CPU.ActiveCfg = Debug|Any CPU
		{51557748-124E-42AE-9DEF-E73F93CBAC4B}.Debug|Any CPU.Build.0 = Debug|Any CPU
		{51557748-124E-42AE-9DEF-E73F93CBAC4B}.Debug|x64.ActiveCfg = Debug|Any CPU
		{51557748-124E-42AE-9DEF-E73F93CBAC4B}.Debug|x64.Build.0 = Debug|Any CPU
		{51557748-124E-42AE-9DEF-E73F93CBAC4B}.Debug|x86.ActiveCfg = Debug|Any CPU
		{51557748-124E-42AE-9DEF-E73F93CBAC4B}.Debug|x86.Build.0 = Debug|Any CPU
		{51557748-124E-42AE-9DEF-E73F93CBAC4B}.Release|Any CPU.ActiveCfg = Release|Any CPU
		{51557748-124E-42AE-9DEF-E73F93CBAC4B}.Release|Any CPU.Build.0 = Release|Any CPU
		{51557748-124E-42AE-9DEF-E73F93CBAC4B}.Release|x64.ActiveCfg = Release|Any CPU
		{51557748-124E-42AE-9DEF-E73F93CBAC4B}.Release|x64.Build.0 = Release|Any CPU
		{51557748-124E-42AE-9DEF-E73F93CBAC4B}.Release|x86.ActiveCfg = Release|Any CPU
		{51557748-124E-42AE-9DEF-E73F93CBAC4B}.Release|x86.Build.0 = Release|Any CPU
		{61A74A13-4CC5-41FF-893D-909C9947B11F}.Debug|Any CPU.ActiveCfg = Debug|Any CPU
		{61A74A13-4CC5-41FF-893D-909C9947B11F}.Debug|Any CPU.Build.0 = Debug|Any CPU
		{61A74A13-4CC5-41FF-893D-909C9947B11F}.Debug|x64.ActiveCfg = Debug|Any CPU
		{61A74A13-4CC5-41FF-893D-909C9947B11F}.Debug|x64.Build.0 = Debug|Any CPU
		{61A74A13-4CC5-41FF-893D-909C9947B11F}.Debug|x86.ActiveCfg = Debug|Any CPU
		{61A74A13-4CC5-41FF-893D-909C9947B11F}.Debug|x86.Build.0 = Debug|Any CPU
		{61A74A13-4CC5-41FF-893D-909C9947B11F}.Release|Any CPU.ActiveCfg = Release|Any CPU
		{61A74A13-4CC5-41FF-893D-909C9947B11F}.Release|Any CPU.Build.0 = Release|Any CPU
		{61A74A13-4CC5-41FF-893D-909C9947B11F}.Release|x64.ActiveCfg = Release|Any CPU
		{61A74A13-4CC5-41FF-893D-909C9947B11F}.Release|x64.Build.0 = Release|Any CPU
		{61A74A13-4CC5-41FF-893D-909C9947B11F}.Release|x86.ActiveCfg = Release|Any CPU
		{61A74A13-4CC5-41FF-893D-909C9947B11F}.Release|x86.Build.0 = Release|Any CPU
		{D0D53278-F937-4155-BB11-358A9DB83D04}.Debug|Any CPU.ActiveCfg = Debug|Any CPU
		{D0D53278-F937-4155-BB11-358A9DB83D04}.Debug|Any CPU.Build.0 = Debug|Any CPU
		{D0D53278-F937-4155-BB11-358A9DB83D04}.Debug|x64.ActiveCfg = Debug|Any CPU
		{D0D53278-F937-4155-BB11-358A9DB83D04}.Debug|x64.Build.0 = Debug|Any CPU
		{D0D53278-F937-4155-BB11-358A9DB83D04}.Debug|x86.ActiveCfg = Debug|Any CPU
		{D0D53278-F937-4155-BB11-358A9DB83D04}.Debug|x86.Build.0 = Debug|Any CPU
		{D0D53278-F937-4155-BB11-358A9DB83D04}.Release|Any CPU.ActiveCfg = Release|Any CPU
		{D0D53278-F937-4155-BB11-358A9DB83D04}.Release|Any CPU.Build.0 = Release|Any CPU
		{D0D53278-F937-4155-BB11-358A9DB83D04}.Release|x64.ActiveCfg = Release|Any CPU
		{D0D53278-F937-4155-BB11-358A9DB83D04}.Release|x64.Build.0 = Release|Any CPU
		{D0D53278-F937-4155-BB11-358A9DB83D04}.Release|x86.ActiveCfg = Release|Any CPU
		{D0D53278-F937-4155-BB11-358A9DB83D04}.Release|x86.Build.0 = Release|Any CPU
		{436E70CC-D320-4B44-8A39-8C8341A96F0A}.Debug|Any CPU.ActiveCfg = Debug|Any CPU
		{436E70CC-D320-4B44-8A39-8C8341A96F0A}.Debug|Any CPU.Build.0 = Debug|Any CPU
		{436E70CC-D320-4B44-8A39-8C8341A96F0A}.Debug|x64.ActiveCfg = Debug|Any CPU
		{436E70CC-D320-4B44-8A39-8C8341A96F0A}.Debug|x64.Build.0 = Debug|Any CPU
		{436E70CC-D320-4B44-8A39-8C8341A96F0A}.Debug|x86.ActiveCfg = Debug|Any CPU
		{436E70CC-D320-4B44-8A39-8C8341A96F0A}.Debug|x86.Build.0 = Debug|Any CPU
		{436E70CC-D320-4B44-8A39-8C8341A96F0A}.Release|Any CPU.ActiveCfg = Release|Any CPU
		{436E70CC-D320-4B44-8A39-8C8341A96F0A}.Release|Any CPU.Build.0 = Release|Any CPU
		{436E70CC-D320-4B44-8A39-8C8341A96F0A}.Release|x64.ActiveCfg = Release|Any CPU
		{436E70CC-D320-4B44-8A39-8C8341A96F0A}.Release|x64.Build.0 = Release|Any CPU
		{436E70CC-D320-4B44-8A39-8C8341A96F0A}.Release|x86.ActiveCfg = Release|Any CPU
		{436E70CC-D320-4B44-8A39-8C8341A96F0A}.Release|x86.Build.0 = Release|Any CPU
		{8AE3C2BA-B53D-49FA-86CF-27A4DFCA8D0D}.Debug|Any CPU.ActiveCfg = Debug|Any CPU
		{8AE3C2BA-B53D-49FA-86CF-27A4DFCA8D0D}.Debug|Any CPU.Build.0 = Debug|Any CPU
		{8AE3C2BA-B53D-49FA-86CF-27A4DFCA8D0D}.Debug|x64.ActiveCfg = Debug|Any CPU
		{8AE3C2BA-B53D-49FA-86CF-27A4DFCA8D0D}.Debug|x64.Build.0 = Debug|Any CPU
		{8AE3C2BA-B53D-49FA-86CF-27A4DFCA8D0D}.Debug|x86.ActiveCfg = Debug|Any CPU
		{8AE3C2BA-B53D-49FA-86CF-27A4DFCA8D0D}.Debug|x86.Build.0 = Debug|Any CPU
		{8AE3C2BA-B53D-49FA-86CF-27A4DFCA8D0D}.Release|Any CPU.ActiveCfg = Release|Any CPU
		{8AE3C2BA-B53D-49FA-86CF-27A4DFCA8D0D}.Release|Any CPU.Build.0 = Release|Any CPU
		{8AE3C2BA-B53D-49FA-86CF-27A4DFCA8D0D}.Release|x64.ActiveCfg = Release|Any CPU
		{8AE3C2BA-B53D-49FA-86CF-27A4DFCA8D0D}.Release|x64.Build.0 = Release|Any CPU
		{8AE3C2BA-B53D-49FA-86CF-27A4DFCA8D0D}.Release|x86.ActiveCfg = Release|Any CPU
		{8AE3C2BA-B53D-49FA-86CF-27A4DFCA8D0D}.Release|x86.Build.0 = Release|Any CPU
		{AA61F302-883B-46F3-8564-A00E8E90A539}.Debug|Any CPU.ActiveCfg = Debug|Any CPU
		{AA61F302-883B-46F3-8564-A00E8E90A539}.Debug|Any CPU.Build.0 = Debug|Any CPU
		{AA61F302-883B-46F3-8564-A00E8E90A539}.Debug|x64.ActiveCfg = Debug|Any CPU
		{AA61F302-883B-46F3-8564-A00E8E90A539}.Debug|x64.Build.0 = Debug|Any CPU
		{AA61F302-883B-46F3-8564-A00E8E90A539}.Debug|x86.ActiveCfg = Debug|Any CPU
		{AA61F302-883B-46F3-8564-A00E8E90A539}.Debug|x86.Build.0 = Debug|Any CPU
		{AA61F302-883B-46F3-8564-A00E8E90A539}.Release|Any CPU.ActiveCfg = Release|Any CPU
		{AA61F302-883B-46F3-8564-A00E8E90A539}.Release|Any CPU.Build.0 = Release|Any CPU
		{AA61F302-883B-46F3-8564-A00E8E90A539}.Release|x64.ActiveCfg = Release|Any CPU
		{AA61F302-883B-46F3-8564-A00E8E90A539}.Release|x64.Build.0 = Release|Any CPU
		{AA61F302-883B-46F3-8564-A00E8E90A539}.Release|x86.ActiveCfg = Release|Any CPU
		{AA61F302-883B-46F3-8564-A00E8E90A539}.Release|x86.Build.0 = Release|Any CPU
		{47818359-6C09-4122-962D-F61F34BE0782}.Debug|Any CPU.ActiveCfg = Debug|Any CPU
		{47818359-6C09-4122-962D-F61F34BE0782}.Debug|Any CPU.Build.0 = Debug|Any CPU
		{47818359-6C09-4122-962D-F61F34BE0782}.Debug|x64.ActiveCfg = Debug|Any CPU
		{47818359-6C09-4122-962D-F61F34BE0782}.Debug|x64.Build.0 = Debug|Any CPU
		{47818359-6C09-4122-962D-F61F34BE0782}.Debug|x86.ActiveCfg = Debug|Any CPU
		{47818359-6C09-4122-962D-F61F34BE0782}.Debug|x86.Build.0 = Debug|Any CPU
		{47818359-6C09-4122-962D-F61F34BE0782}.Release|Any CPU.ActiveCfg = Release|Any CPU
		{47818359-6C09-4122-962D-F61F34BE0782}.Release|Any CPU.Build.0 = Release|Any CPU
		{47818359-6C09-4122-962D-F61F34BE0782}.Release|x64.ActiveCfg = Release|Any CPU
		{47818359-6C09-4122-962D-F61F34BE0782}.Release|x64.Build.0 = Release|Any CPU
		{47818359-6C09-4122-962D-F61F34BE0782}.Release|x86.ActiveCfg = Release|Any CPU
		{47818359-6C09-4122-962D-F61F34BE0782}.Release|x86.Build.0 = Release|Any CPU
		{8EEDFDF4-AC77-41CE-8DAD-0FD6D48D173B}.Debug|Any CPU.ActiveCfg = Debug|Any CPU
		{8EEDFDF4-AC77-41CE-8DAD-0FD6D48D173B}.Debug|Any CPU.Build.0 = Debug|Any CPU
		{8EEDFDF4-AC77-41CE-8DAD-0FD6D48D173B}.Debug|x64.ActiveCfg = Debug|Any CPU
		{8EEDFDF4-AC77-41CE-8DAD-0FD6D48D173B}.Debug|x64.Build.0 = Debug|Any CPU
		{8EEDFDF4-AC77-41CE-8DAD-0FD6D48D173B}.Debug|x86.ActiveCfg = Debug|Any CPU
		{8EEDFDF4-AC77-41CE-8DAD-0FD6D48D173B}.Debug|x86.Build.0 = Debug|Any CPU
		{8EEDFDF4-AC77-41CE-8DAD-0FD6D48D173B}.Release|Any CPU.ActiveCfg = Release|Any CPU
		{8EEDFDF4-AC77-41CE-8DAD-0FD6D48D173B}.Release|Any CPU.Build.0 = Release|Any CPU
		{8EEDFDF4-AC77-41CE-8DAD-0FD6D48D173B}.Release|x64.ActiveCfg = Release|Any CPU
		{8EEDFDF4-AC77-41CE-8DAD-0FD6D48D173B}.Release|x64.Build.0 = Release|Any CPU
		{8EEDFDF4-AC77-41CE-8DAD-0FD6D48D173B}.Release|x86.ActiveCfg = Release|Any CPU
		{8EEDFDF4-AC77-41CE-8DAD-0FD6D48D173B}.Release|x86.Build.0 = Release|Any CPU
		{3D5B1F9D-77E3-4E96-A31C-348151786F7C}.Debug|Any CPU.ActiveCfg = Debug|Any CPU
		{3D5B1F9D-77E3-4E96-A31C-348151786F7C}.Debug|Any CPU.Build.0 = Debug|Any CPU
		{3D5B1F9D-77E3-4E96-A31C-348151786F7C}.Debug|x64.ActiveCfg = Debug|Any CPU
		{3D5B1F9D-77E3-4E96-A31C-348151786F7C}.Debug|x64.Build.0 = Debug|Any CPU
		{3D5B1F9D-77E3-4E96-A31C-348151786F7C}.Debug|x86.ActiveCfg = Debug|Any CPU
		{3D5B1F9D-77E3-4E96-A31C-348151786F7C}.Debug|x86.Build.0 = Debug|Any CPU
		{3D5B1F9D-77E3-4E96-A31C-348151786F7C}.Release|Any CPU.ActiveCfg = Release|Any CPU
		{3D5B1F9D-77E3-4E96-A31C-348151786F7C}.Release|Any CPU.Build.0 = Release|Any CPU
		{3D5B1F9D-77E3-4E96-A31C-348151786F7C}.Release|x64.ActiveCfg = Release|Any CPU
		{3D5B1F9D-77E3-4E96-A31C-348151786F7C}.Release|x64.Build.0 = Release|Any CPU
		{3D5B1F9D-77E3-4E96-A31C-348151786F7C}.Release|x86.ActiveCfg = Release|Any CPU
		{3D5B1F9D-77E3-4E96-A31C-348151786F7C}.Release|x86.Build.0 = Release|Any CPU
		{C2FF3B89-7408-4B07-83D7-840EBA365643}.Debug|Any CPU.ActiveCfg = Debug|Any CPU
		{C2FF3B89-7408-4B07-83D7-840EBA365643}.Debug|Any CPU.Build.0 = Debug|Any CPU
		{C2FF3B89-7408-4B07-83D7-840EBA365643}.Debug|x64.ActiveCfg = Debug|Any CPU
		{C2FF3B89-7408-4B07-83D7-840EBA365643}.Debug|x64.Build.0 = Debug|Any CPU
		{C2FF3B89-7408-4B07-83D7-840EBA365643}.Debug|x86.ActiveCfg = Debug|Any CPU
		{C2FF3B89-7408-4B07-83D7-840EBA365643}.Debug|x86.Build.0 = Debug|Any CPU
		{C2FF3B89-7408-4B07-83D7-840EBA365643}.Release|Any CPU.ActiveCfg = Release|Any CPU
		{C2FF3B89-7408-4B07-83D7-840EBA365643}.Release|Any CPU.Build.0 = Release|Any CPU
		{C2FF3B89-7408-4B07-83D7-840EBA365643}.Release|x64.ActiveCfg = Release|Any CPU
		{C2FF3B89-7408-4B07-83D7-840EBA365643}.Release|x64.Build.0 = Release|Any CPU
		{C2FF3B89-7408-4B07-83D7-840EBA365643}.Release|x86.ActiveCfg = Release|Any CPU
		{C2FF3B89-7408-4B07-83D7-840EBA365643}.Release|x86.Build.0 = Release|Any CPU
		{C3418EFE-3EF0-4A73-86FF-06C1DF1A74D1}.Debug|Any CPU.ActiveCfg = Debug|Any CPU
		{C3418EFE-3EF0-4A73-86FF-06C1DF1A74D1}.Debug|Any CPU.Build.0 = Debug|Any CPU
		{C3418EFE-3EF0-4A73-86FF-06C1DF1A74D1}.Debug|x64.ActiveCfg = Debug|Any CPU
		{C3418EFE-3EF0-4A73-86FF-06C1DF1A74D1}.Debug|x64.Build.0 = Debug|Any CPU
		{C3418EFE-3EF0-4A73-86FF-06C1DF1A74D1}.Debug|x86.ActiveCfg = Debug|Any CPU
		{C3418EFE-3EF0-4A73-86FF-06C1DF1A74D1}.Debug|x86.Build.0 = Debug|Any CPU
		{C3418EFE-3EF0-4A73-86FF-06C1DF1A74D1}.Release|Any CPU.ActiveCfg = Release|Any CPU
		{C3418EFE-3EF0-4A73-86FF-06C1DF1A74D1}.Release|Any CPU.Build.0 = Release|Any CPU
		{C3418EFE-3EF0-4A73-86FF-06C1DF1A74D1}.Release|x64.ActiveCfg = Release|Any CPU
		{C3418EFE-3EF0-4A73-86FF-06C1DF1A74D1}.Release|x64.Build.0 = Release|Any CPU
		{C3418EFE-3EF0-4A73-86FF-06C1DF1A74D1}.Release|x86.ActiveCfg = Release|Any CPU
		{C3418EFE-3EF0-4A73-86FF-06C1DF1A74D1}.Release|x86.Build.0 = Release|Any CPU
		{F16B8778-66FC-4FF7-BF58-DDB3F9EAC2B3}.Debug|Any CPU.ActiveCfg = Debug|Any CPU
		{F16B8778-66FC-4FF7-BF58-DDB3F9EAC2B3}.Debug|Any CPU.Build.0 = Debug|Any CPU
		{F16B8778-66FC-4FF7-BF58-DDB3F9EAC2B3}.Debug|x64.ActiveCfg = Debug|Any CPU
		{F16B8778-66FC-4FF7-BF58-DDB3F9EAC2B3}.Debug|x64.Build.0 = Debug|Any CPU
		{F16B8778-66FC-4FF7-BF58-DDB3F9EAC2B3}.Debug|x86.ActiveCfg = Debug|Any CPU
		{F16B8778-66FC-4FF7-BF58-DDB3F9EAC2B3}.Debug|x86.Build.0 = Debug|Any CPU
		{F16B8778-66FC-4FF7-BF58-DDB3F9EAC2B3}.Release|Any CPU.ActiveCfg = Release|Any CPU
		{F16B8778-66FC-4FF7-BF58-DDB3F9EAC2B3}.Release|Any CPU.Build.0 = Release|Any CPU
		{F16B8778-66FC-4FF7-BF58-DDB3F9EAC2B3}.Release|x64.ActiveCfg = Release|Any CPU
		{F16B8778-66FC-4FF7-BF58-DDB3F9EAC2B3}.Release|x64.Build.0 = Release|Any CPU
		{F16B8778-66FC-4FF7-BF58-DDB3F9EAC2B3}.Release|x86.ActiveCfg = Release|Any CPU
		{F16B8778-66FC-4FF7-BF58-DDB3F9EAC2B3}.Release|x86.Build.0 = Release|Any CPU
		{D5E6F0B6-7166-4E6E-86FF-542CC2D7397F}.Debug|Any CPU.ActiveCfg = Debug|Any CPU
		{D5E6F0B6-7166-4E6E-86FF-542CC2D7397F}.Debug|Any CPU.Build.0 = Debug|Any CPU
		{D5E6F0B6-7166-4E6E-86FF-542CC2D7397F}.Debug|x64.ActiveCfg = Debug|Any CPU
		{D5E6F0B6-7166-4E6E-86FF-542CC2D7397F}.Debug|x64.Build.0 = Debug|Any CPU
		{D5E6F0B6-7166-4E6E-86FF-542CC2D7397F}.Debug|x86.ActiveCfg = Debug|Any CPU
		{D5E6F0B6-7166-4E6E-86FF-542CC2D7397F}.Debug|x86.Build.0 = Debug|Any CPU
		{D5E6F0B6-7166-4E6E-86FF-542CC2D7397F}.Release|Any CPU.ActiveCfg = Release|Any CPU
		{D5E6F0B6-7166-4E6E-86FF-542CC2D7397F}.Release|Any CPU.Build.0 = Release|Any CPU
		{D5E6F0B6-7166-4E6E-86FF-542CC2D7397F}.Release|x64.ActiveCfg = Release|Any CPU
		{D5E6F0B6-7166-4E6E-86FF-542CC2D7397F}.Release|x64.Build.0 = Release|Any CPU
		{D5E6F0B6-7166-4E6E-86FF-542CC2D7397F}.Release|x86.ActiveCfg = Release|Any CPU
		{D5E6F0B6-7166-4E6E-86FF-542CC2D7397F}.Release|x86.Build.0 = Release|Any CPU
		{F1BBB0D1-5931-47B3-B6FB-E7CDB2078C43}.Debug|Any CPU.ActiveCfg = Debug|Any CPU
		{F1BBB0D1-5931-47B3-B6FB-E7CDB2078C43}.Debug|Any CPU.Build.0 = Debug|Any CPU
		{F1BBB0D1-5931-47B3-B6FB-E7CDB2078C43}.Debug|x64.ActiveCfg = Debug|Any CPU
		{F1BBB0D1-5931-47B3-B6FB-E7CDB2078C43}.Debug|x64.Build.0 = Debug|Any CPU
		{F1BBB0D1-5931-47B3-B6FB-E7CDB2078C43}.Debug|x86.ActiveCfg = Debug|Any CPU
		{F1BBB0D1-5931-47B3-B6FB-E7CDB2078C43}.Debug|x86.Build.0 = Debug|Any CPU
		{F1BBB0D1-5931-47B3-B6FB-E7CDB2078C43}.Release|Any CPU.ActiveCfg = Release|Any CPU
		{F1BBB0D1-5931-47B3-B6FB-E7CDB2078C43}.Release|Any CPU.Build.0 = Release|Any CPU
		{F1BBB0D1-5931-47B3-B6FB-E7CDB2078C43}.Release|x64.ActiveCfg = Release|Any CPU
		{F1BBB0D1-5931-47B3-B6FB-E7CDB2078C43}.Release|x64.Build.0 = Release|Any CPU
		{F1BBB0D1-5931-47B3-B6FB-E7CDB2078C43}.Release|x86.ActiveCfg = Release|Any CPU
		{F1BBB0D1-5931-47B3-B6FB-E7CDB2078C43}.Release|x86.Build.0 = Release|Any CPU
		{C5EA0439-D7C3-4B2C-A52F-B9D75D846DEB}.Debug|Any CPU.ActiveCfg = Debug|Any CPU
		{C5EA0439-D7C3-4B2C-A52F-B9D75D846DEB}.Debug|Any CPU.Build.0 = Debug|Any CPU
		{C5EA0439-D7C3-4B2C-A52F-B9D75D846DEB}.Debug|x64.ActiveCfg = Debug|Any CPU
		{C5EA0439-D7C3-4B2C-A52F-B9D75D846DEB}.Debug|x64.Build.0 = Debug|Any CPU
		{C5EA0439-D7C3-4B2C-A52F-B9D75D846DEB}.Debug|x86.ActiveCfg = Debug|Any CPU
		{C5EA0439-D7C3-4B2C-A52F-B9D75D846DEB}.Debug|x86.Build.0 = Debug|Any CPU
		{C5EA0439-D7C3-4B2C-A52F-B9D75D846DEB}.Release|Any CPU.ActiveCfg = Release|Any CPU
		{C5EA0439-D7C3-4B2C-A52F-B9D75D846DEB}.Release|Any CPU.Build.0 = Release|Any CPU
		{C5EA0439-D7C3-4B2C-A52F-B9D75D846DEB}.Release|x64.ActiveCfg = Release|Any CPU
		{C5EA0439-D7C3-4B2C-A52F-B9D75D846DEB}.Release|x64.Build.0 = Release|Any CPU
		{C5EA0439-D7C3-4B2C-A52F-B9D75D846DEB}.Release|x86.ActiveCfg = Release|Any CPU
		{C5EA0439-D7C3-4B2C-A52F-B9D75D846DEB}.Release|x86.Build.0 = Release|Any CPU
		{13A40410-8768-4070-A4C9-1FE82720E4C2}.Debug|Any CPU.ActiveCfg = Debug|Any CPU
		{13A40410-8768-4070-A4C9-1FE82720E4C2}.Debug|Any CPU.Build.0 = Debug|Any CPU
		{13A40410-8768-4070-A4C9-1FE82720E4C2}.Debug|x64.ActiveCfg = Debug|Any CPU
		{13A40410-8768-4070-A4C9-1FE82720E4C2}.Debug|x64.Build.0 = Debug|Any CPU
		{13A40410-8768-4070-A4C9-1FE82720E4C2}.Debug|x86.ActiveCfg = Debug|Any CPU
		{13A40410-8768-4070-A4C9-1FE82720E4C2}.Debug|x86.Build.0 = Debug|Any CPU
		{13A40410-8768-4070-A4C9-1FE82720E4C2}.Release|Any CPU.ActiveCfg = Release|Any CPU
		{13A40410-8768-4070-A4C9-1FE82720E4C2}.Release|Any CPU.Build.0 = Release|Any CPU
		{13A40410-8768-4070-A4C9-1FE82720E4C2}.Release|x64.ActiveCfg = Release|Any CPU
		{13A40410-8768-4070-A4C9-1FE82720E4C2}.Release|x64.Build.0 = Release|Any CPU
		{13A40410-8768-4070-A4C9-1FE82720E4C2}.Release|x86.ActiveCfg = Release|Any CPU
		{13A40410-8768-4070-A4C9-1FE82720E4C2}.Release|x86.Build.0 = Release|Any CPU
		{0315CF4A-8422-4CB5-868A-933FF29917A5}.Debug|Any CPU.ActiveCfg = Debug|Any CPU
		{0315CF4A-8422-4CB5-868A-933FF29917A5}.Debug|Any CPU.Build.0 = Debug|Any CPU
		{0315CF4A-8422-4CB5-868A-933FF29917A5}.Debug|x64.ActiveCfg = Debug|Any CPU
		{0315CF4A-8422-4CB5-868A-933FF29917A5}.Debug|x64.Build.0 = Debug|Any CPU
		{0315CF4A-8422-4CB5-868A-933FF29917A5}.Debug|x86.ActiveCfg = Debug|Any CPU
		{0315CF4A-8422-4CB5-868A-933FF29917A5}.Debug|x86.Build.0 = Debug|Any CPU
		{0315CF4A-8422-4CB5-868A-933FF29917A5}.Release|Any CPU.ActiveCfg = Release|Any CPU
		{0315CF4A-8422-4CB5-868A-933FF29917A5}.Release|Any CPU.Build.0 = Release|Any CPU
		{0315CF4A-8422-4CB5-868A-933FF29917A5}.Release|x64.ActiveCfg = Release|Any CPU
		{0315CF4A-8422-4CB5-868A-933FF29917A5}.Release|x64.Build.0 = Release|Any CPU
		{0315CF4A-8422-4CB5-868A-933FF29917A5}.Release|x86.ActiveCfg = Release|Any CPU
		{0315CF4A-8422-4CB5-868A-933FF29917A5}.Release|x86.Build.0 = Release|Any CPU
		{5BBBA159-E8C7-4F47-A6C4-6FE9A643527A}.Debug|Any CPU.ActiveCfg = Debug|Any CPU
		{5BBBA159-E8C7-4F47-A6C4-6FE9A643527A}.Debug|Any CPU.Build.0 = Debug|Any CPU
		{5BBBA159-E8C7-4F47-A6C4-6FE9A643527A}.Debug|x64.ActiveCfg = Debug|Any CPU
		{5BBBA159-E8C7-4F47-A6C4-6FE9A643527A}.Debug|x64.Build.0 = Debug|Any CPU
		{5BBBA159-E8C7-4F47-A6C4-6FE9A643527A}.Debug|x86.ActiveCfg = Debug|Any CPU
		{5BBBA159-E8C7-4F47-A6C4-6FE9A643527A}.Debug|x86.Build.0 = Debug|Any CPU
		{5BBBA159-E8C7-4F47-A6C4-6FE9A643527A}.Release|Any CPU.ActiveCfg = Release|Any CPU
		{5BBBA159-E8C7-4F47-A6C4-6FE9A643527A}.Release|Any CPU.Build.0 = Release|Any CPU
		{5BBBA159-E8C7-4F47-A6C4-6FE9A643527A}.Release|x64.ActiveCfg = Release|Any CPU
		{5BBBA159-E8C7-4F47-A6C4-6FE9A643527A}.Release|x64.Build.0 = Release|Any CPU
		{5BBBA159-E8C7-4F47-A6C4-6FE9A643527A}.Release|x86.ActiveCfg = Release|Any CPU
		{5BBBA159-E8C7-4F47-A6C4-6FE9A643527A}.Release|x86.Build.0 = Release|Any CPU
		{94E86738-1209-4EB0-B699-6DD1CE2B17F3}.Debug|Any CPU.ActiveCfg = Debug|Any CPU
		{94E86738-1209-4EB0-B699-6DD1CE2B17F3}.Debug|Any CPU.Build.0 = Debug|Any CPU
		{94E86738-1209-4EB0-B699-6DD1CE2B17F3}.Debug|x64.ActiveCfg = Debug|Any CPU
		{94E86738-1209-4EB0-B699-6DD1CE2B17F3}.Debug|x64.Build.0 = Debug|Any CPU
		{94E86738-1209-4EB0-B699-6DD1CE2B17F3}.Debug|x86.ActiveCfg = Debug|Any CPU
		{94E86738-1209-4EB0-B699-6DD1CE2B17F3}.Debug|x86.Build.0 = Debug|Any CPU
		{94E86738-1209-4EB0-B699-6DD1CE2B17F3}.Release|Any CPU.ActiveCfg = Release|Any CPU
		{94E86738-1209-4EB0-B699-6DD1CE2B17F3}.Release|Any CPU.Build.0 = Release|Any CPU
		{94E86738-1209-4EB0-B699-6DD1CE2B17F3}.Release|x64.ActiveCfg = Release|Any CPU
		{94E86738-1209-4EB0-B699-6DD1CE2B17F3}.Release|x64.Build.0 = Release|Any CPU
		{94E86738-1209-4EB0-B699-6DD1CE2B17F3}.Release|x86.ActiveCfg = Release|Any CPU
		{94E86738-1209-4EB0-B699-6DD1CE2B17F3}.Release|x86.Build.0 = Release|Any CPU
		{92D304AC-A2C9-43FD-AC22-1BDB4D07695A}.Debug|Any CPU.ActiveCfg = Debug|Any CPU
		{92D304AC-A2C9-43FD-AC22-1BDB4D07695A}.Debug|Any CPU.Build.0 = Debug|Any CPU
		{92D304AC-A2C9-43FD-AC22-1BDB4D07695A}.Debug|x64.ActiveCfg = Debug|Any CPU
		{92D304AC-A2C9-43FD-AC22-1BDB4D07695A}.Debug|x64.Build.0 = Debug|Any CPU
		{92D304AC-A2C9-43FD-AC22-1BDB4D07695A}.Debug|x86.ActiveCfg = Debug|Any CPU
		{92D304AC-A2C9-43FD-AC22-1BDB4D07695A}.Debug|x86.Build.0 = Debug|Any CPU
		{92D304AC-A2C9-43FD-AC22-1BDB4D07695A}.Release|Any CPU.ActiveCfg = Release|Any CPU
		{92D304AC-A2C9-43FD-AC22-1BDB4D07695A}.Release|Any CPU.Build.0 = Release|Any CPU
		{92D304AC-A2C9-43FD-AC22-1BDB4D07695A}.Release|x64.ActiveCfg = Release|Any CPU
		{92D304AC-A2C9-43FD-AC22-1BDB4D07695A}.Release|x64.Build.0 = Release|Any CPU
		{92D304AC-A2C9-43FD-AC22-1BDB4D07695A}.Release|x86.ActiveCfg = Release|Any CPU
		{92D304AC-A2C9-43FD-AC22-1BDB4D07695A}.Release|x86.Build.0 = Release|Any CPU
		{ED740556-A1A9-4DFD-BB4E-D69CA27149DA}.Debug|Any CPU.ActiveCfg = Debug|Any CPU
		{ED740556-A1A9-4DFD-BB4E-D69CA27149DA}.Debug|Any CPU.Build.0 = Debug|Any CPU
		{ED740556-A1A9-4DFD-BB4E-D69CA27149DA}.Debug|x64.ActiveCfg = Debug|Any CPU
		{ED740556-A1A9-4DFD-BB4E-D69CA27149DA}.Debug|x64.Build.0 = Debug|Any CPU
		{ED740556-A1A9-4DFD-BB4E-D69CA27149DA}.Debug|x86.ActiveCfg = Debug|Any CPU
		{ED740556-A1A9-4DFD-BB4E-D69CA27149DA}.Debug|x86.Build.0 = Debug|Any CPU
		{ED740556-A1A9-4DFD-BB4E-D69CA27149DA}.Release|Any CPU.ActiveCfg = Release|Any CPU
		{ED740556-A1A9-4DFD-BB4E-D69CA27149DA}.Release|Any CPU.Build.0 = Release|Any CPU
		{ED740556-A1A9-4DFD-BB4E-D69CA27149DA}.Release|x64.ActiveCfg = Release|Any CPU
		{ED740556-A1A9-4DFD-BB4E-D69CA27149DA}.Release|x64.Build.0 = Release|Any CPU
		{ED740556-A1A9-4DFD-BB4E-D69CA27149DA}.Release|x86.ActiveCfg = Release|Any CPU
		{ED740556-A1A9-4DFD-BB4E-D69CA27149DA}.Release|x86.Build.0 = Release|Any CPU
		{E22F3668-33B8-44ED-B9B4-04A7CCFF1367}.Debug|Any CPU.ActiveCfg = Debug|Any CPU
		{E22F3668-33B8-44ED-B9B4-04A7CCFF1367}.Debug|Any CPU.Build.0 = Debug|Any CPU
		{E22F3668-33B8-44ED-B9B4-04A7CCFF1367}.Debug|x64.ActiveCfg = Debug|Any CPU
		{E22F3668-33B8-44ED-B9B4-04A7CCFF1367}.Debug|x64.Build.0 = Debug|Any CPU
		{E22F3668-33B8-44ED-B9B4-04A7CCFF1367}.Debug|x86.ActiveCfg = Debug|Any CPU
		{E22F3668-33B8-44ED-B9B4-04A7CCFF1367}.Debug|x86.Build.0 = Debug|Any CPU
		{E22F3668-33B8-44ED-B9B4-04A7CCFF1367}.Release|Any CPU.ActiveCfg = Release|Any CPU
		{E22F3668-33B8-44ED-B9B4-04A7CCFF1367}.Release|Any CPU.Build.0 = Release|Any CPU
		{E22F3668-33B8-44ED-B9B4-04A7CCFF1367}.Release|x64.ActiveCfg = Release|Any CPU
		{E22F3668-33B8-44ED-B9B4-04A7CCFF1367}.Release|x64.Build.0 = Release|Any CPU
		{E22F3668-33B8-44ED-B9B4-04A7CCFF1367}.Release|x86.ActiveCfg = Release|Any CPU
		{E22F3668-33B8-44ED-B9B4-04A7CCFF1367}.Release|x86.Build.0 = Release|Any CPU
		{EFC0345B-4796-4E85-BE6A-95011FB92E5C}.Debug|Any CPU.ActiveCfg = Debug|Any CPU
		{EFC0345B-4796-4E85-BE6A-95011FB92E5C}.Debug|Any CPU.Build.0 = Debug|Any CPU
		{EFC0345B-4796-4E85-BE6A-95011FB92E5C}.Debug|x64.ActiveCfg = Debug|Any CPU
		{EFC0345B-4796-4E85-BE6A-95011FB92E5C}.Debug|x64.Build.0 = Debug|Any CPU
		{EFC0345B-4796-4E85-BE6A-95011FB92E5C}.Debug|x86.ActiveCfg = Debug|Any CPU
		{EFC0345B-4796-4E85-BE6A-95011FB92E5C}.Debug|x86.Build.0 = Debug|Any CPU
		{EFC0345B-4796-4E85-BE6A-95011FB92E5C}.Release|Any CPU.ActiveCfg = Release|Any CPU
		{EFC0345B-4796-4E85-BE6A-95011FB92E5C}.Release|Any CPU.Build.0 = Release|Any CPU
		{EFC0345B-4796-4E85-BE6A-95011FB92E5C}.Release|x64.ActiveCfg = Release|Any CPU
		{EFC0345B-4796-4E85-BE6A-95011FB92E5C}.Release|x64.Build.0 = Release|Any CPU
		{EFC0345B-4796-4E85-BE6A-95011FB92E5C}.Release|x86.ActiveCfg = Release|Any CPU
		{EFC0345B-4796-4E85-BE6A-95011FB92E5C}.Release|x86.Build.0 = Release|Any CPU
		{C8DA96C0-909A-45BD-A6D8-0998B980D038}.Debug|Any CPU.ActiveCfg = Debug|Any CPU
		{C8DA96C0-909A-45BD-A6D8-0998B980D038}.Debug|Any CPU.Build.0 = Debug|Any CPU
		{C8DA96C0-909A-45BD-A6D8-0998B980D038}.Debug|x64.ActiveCfg = Debug|Any CPU
		{C8DA96C0-909A-45BD-A6D8-0998B980D038}.Debug|x64.Build.0 = Debug|Any CPU
		{C8DA96C0-909A-45BD-A6D8-0998B980D038}.Debug|x86.ActiveCfg = Debug|Any CPU
		{C8DA96C0-909A-45BD-A6D8-0998B980D038}.Debug|x86.Build.0 = Debug|Any CPU
		{C8DA96C0-909A-45BD-A6D8-0998B980D038}.Release|Any CPU.ActiveCfg = Release|Any CPU
		{C8DA96C0-909A-45BD-A6D8-0998B980D038}.Release|Any CPU.Build.0 = Release|Any CPU
		{C8DA96C0-909A-45BD-A6D8-0998B980D038}.Release|x64.ActiveCfg = Release|Any CPU
		{C8DA96C0-909A-45BD-A6D8-0998B980D038}.Release|x64.Build.0 = Release|Any CPU
		{C8DA96C0-909A-45BD-A6D8-0998B980D038}.Release|x86.ActiveCfg = Release|Any CPU
		{C8DA96C0-909A-45BD-A6D8-0998B980D038}.Release|x86.Build.0 = Release|Any CPU
		{F9615B51-15DC-4B88-A332-2C8DC25E87F0}.Debug|Any CPU.ActiveCfg = Debug|Any CPU
		{F9615B51-15DC-4B88-A332-2C8DC25E87F0}.Debug|Any CPU.Build.0 = Debug|Any CPU
		{F9615B51-15DC-4B88-A332-2C8DC25E87F0}.Debug|x64.ActiveCfg = Debug|Any CPU
		{F9615B51-15DC-4B88-A332-2C8DC25E87F0}.Debug|x64.Build.0 = Debug|Any CPU
		{F9615B51-15DC-4B88-A332-2C8DC25E87F0}.Debug|x86.ActiveCfg = Debug|Any CPU
		{F9615B51-15DC-4B88-A332-2C8DC25E87F0}.Debug|x86.Build.0 = Debug|Any CPU
		{F9615B51-15DC-4B88-A332-2C8DC25E87F0}.Release|Any CPU.ActiveCfg = Release|Any CPU
		{F9615B51-15DC-4B88-A332-2C8DC25E87F0}.Release|Any CPU.Build.0 = Release|Any CPU
		{F9615B51-15DC-4B88-A332-2C8DC25E87F0}.Release|x64.ActiveCfg = Release|Any CPU
		{F9615B51-15DC-4B88-A332-2C8DC25E87F0}.Release|x64.Build.0 = Release|Any CPU
		{F9615B51-15DC-4B88-A332-2C8DC25E87F0}.Release|x86.ActiveCfg = Release|Any CPU
		{F9615B51-15DC-4B88-A332-2C8DC25E87F0}.Release|x86.Build.0 = Release|Any CPU
		{992E3D93-DDC1-4738-9FDE-58AE3A8D4611}.Debug|Any CPU.ActiveCfg = Debug|Any CPU
		{992E3D93-DDC1-4738-9FDE-58AE3A8D4611}.Debug|Any CPU.Build.0 = Debug|Any CPU
		{992E3D93-DDC1-4738-9FDE-58AE3A8D4611}.Debug|x64.ActiveCfg = Debug|Any CPU
		{992E3D93-DDC1-4738-9FDE-58AE3A8D4611}.Debug|x64.Build.0 = Debug|Any CPU
		{992E3D93-DDC1-4738-9FDE-58AE3A8D4611}.Debug|x86.ActiveCfg = Debug|Any CPU
		{992E3D93-DDC1-4738-9FDE-58AE3A8D4611}.Debug|x86.Build.0 = Debug|Any CPU
		{992E3D93-DDC1-4738-9FDE-58AE3A8D4611}.Release|Any CPU.ActiveCfg = Release|Any CPU
		{992E3D93-DDC1-4738-9FDE-58AE3A8D4611}.Release|Any CPU.Build.0 = Release|Any CPU
		{992E3D93-DDC1-4738-9FDE-58AE3A8D4611}.Release|x64.ActiveCfg = Release|Any CPU
		{992E3D93-DDC1-4738-9FDE-58AE3A8D4611}.Release|x64.Build.0 = Release|Any CPU
		{992E3D93-DDC1-4738-9FDE-58AE3A8D4611}.Release|x86.ActiveCfg = Release|Any CPU
		{992E3D93-DDC1-4738-9FDE-58AE3A8D4611}.Release|x86.Build.0 = Release|Any CPU
		{AEA1A7DD-16E6-4EDE-895B-2BB98254476F}.Debug|Any CPU.ActiveCfg = Debug|Any CPU
		{AEA1A7DD-16E6-4EDE-895B-2BB98254476F}.Debug|Any CPU.Build.0 = Debug|Any CPU
		{AEA1A7DD-16E6-4EDE-895B-2BB98254476F}.Debug|x64.ActiveCfg = Debug|Any CPU
		{AEA1A7DD-16E6-4EDE-895B-2BB98254476F}.Debug|x64.Build.0 = Debug|Any CPU
		{AEA1A7DD-16E6-4EDE-895B-2BB98254476F}.Debug|x86.ActiveCfg = Debug|Any CPU
		{AEA1A7DD-16E6-4EDE-895B-2BB98254476F}.Debug|x86.Build.0 = Debug|Any CPU
		{AEA1A7DD-16E6-4EDE-895B-2BB98254476F}.Release|Any CPU.ActiveCfg = Release|Any CPU
		{AEA1A7DD-16E6-4EDE-895B-2BB98254476F}.Release|Any CPU.Build.0 = Release|Any CPU
		{AEA1A7DD-16E6-4EDE-895B-2BB98254476F}.Release|x64.ActiveCfg = Release|Any CPU
		{AEA1A7DD-16E6-4EDE-895B-2BB98254476F}.Release|x64.Build.0 = Release|Any CPU
		{AEA1A7DD-16E6-4EDE-895B-2BB98254476F}.Release|x86.ActiveCfg = Release|Any CPU
		{AEA1A7DD-16E6-4EDE-895B-2BB98254476F}.Release|x86.Build.0 = Release|Any CPU
		{E830E70F-316F-4E34-8A66-9E114D33A92A}.Debug|Any CPU.ActiveCfg = Debug|Any CPU
		{E830E70F-316F-4E34-8A66-9E114D33A92A}.Debug|Any CPU.Build.0 = Debug|Any CPU
		{E830E70F-316F-4E34-8A66-9E114D33A92A}.Debug|x64.ActiveCfg = Debug|Any CPU
		{E830E70F-316F-4E34-8A66-9E114D33A92A}.Debug|x64.Build.0 = Debug|Any CPU
		{E830E70F-316F-4E34-8A66-9E114D33A92A}.Debug|x86.ActiveCfg = Debug|Any CPU
		{E830E70F-316F-4E34-8A66-9E114D33A92A}.Debug|x86.Build.0 = Debug|Any CPU
		{E830E70F-316F-4E34-8A66-9E114D33A92A}.Release|Any CPU.ActiveCfg = Release|Any CPU
		{E830E70F-316F-4E34-8A66-9E114D33A92A}.Release|Any CPU.Build.0 = Release|Any CPU
		{E830E70F-316F-4E34-8A66-9E114D33A92A}.Release|x64.ActiveCfg = Release|Any CPU
		{E830E70F-316F-4E34-8A66-9E114D33A92A}.Release|x64.Build.0 = Release|Any CPU
		{E830E70F-316F-4E34-8A66-9E114D33A92A}.Release|x86.ActiveCfg = Release|Any CPU
		{E830E70F-316F-4E34-8A66-9E114D33A92A}.Release|x86.Build.0 = Release|Any CPU
		{60BF6550-0CBE-4416-A423-5054150D2E16}.Debug|Any CPU.ActiveCfg = Debug|Any CPU
		{60BF6550-0CBE-4416-A423-5054150D2E16}.Debug|Any CPU.Build.0 = Debug|Any CPU
		{60BF6550-0CBE-4416-A423-5054150D2E16}.Debug|x64.ActiveCfg = Debug|Any CPU
		{60BF6550-0CBE-4416-A423-5054150D2E16}.Debug|x64.Build.0 = Debug|Any CPU
		{60BF6550-0CBE-4416-A423-5054150D2E16}.Debug|x86.ActiveCfg = Debug|Any CPU
		{60BF6550-0CBE-4416-A423-5054150D2E16}.Debug|x86.Build.0 = Debug|Any CPU
		{60BF6550-0CBE-4416-A423-5054150D2E16}.Release|Any CPU.ActiveCfg = Release|Any CPU
		{60BF6550-0CBE-4416-A423-5054150D2E16}.Release|Any CPU.Build.0 = Release|Any CPU
		{60BF6550-0CBE-4416-A423-5054150D2E16}.Release|x64.ActiveCfg = Release|Any CPU
		{60BF6550-0CBE-4416-A423-5054150D2E16}.Release|x64.Build.0 = Release|Any CPU
		{60BF6550-0CBE-4416-A423-5054150D2E16}.Release|x86.ActiveCfg = Release|Any CPU
		{60BF6550-0CBE-4416-A423-5054150D2E16}.Release|x86.Build.0 = Release|Any CPU
		{6F57D4AF-2353-4690-94B3-B61331D9A687}.Debug|Any CPU.ActiveCfg = Debug|Any CPU
		{6F57D4AF-2353-4690-94B3-B61331D9A687}.Debug|Any CPU.Build.0 = Debug|Any CPU
		{6F57D4AF-2353-4690-94B3-B61331D9A687}.Debug|x64.ActiveCfg = Debug|Any CPU
		{6F57D4AF-2353-4690-94B3-B61331D9A687}.Debug|x64.Build.0 = Debug|Any CPU
		{6F57D4AF-2353-4690-94B3-B61331D9A687}.Debug|x86.ActiveCfg = Debug|Any CPU
		{6F57D4AF-2353-4690-94B3-B61331D9A687}.Debug|x86.Build.0 = Debug|Any CPU
		{6F57D4AF-2353-4690-94B3-B61331D9A687}.Release|Any CPU.ActiveCfg = Release|Any CPU
		{6F57D4AF-2353-4690-94B3-B61331D9A687}.Release|Any CPU.Build.0 = Release|Any CPU
		{6F57D4AF-2353-4690-94B3-B61331D9A687}.Release|x64.ActiveCfg = Release|Any CPU
		{6F57D4AF-2353-4690-94B3-B61331D9A687}.Release|x64.Build.0 = Release|Any CPU
		{6F57D4AF-2353-4690-94B3-B61331D9A687}.Release|x86.ActiveCfg = Release|Any CPU
		{6F57D4AF-2353-4690-94B3-B61331D9A687}.Release|x86.Build.0 = Release|Any CPU
		{292CFB88-FB0D-4D54-B630-1E04EFF73349}.Debug|Any CPU.ActiveCfg = Debug|Any CPU
		{292CFB88-FB0D-4D54-B630-1E04EFF73349}.Debug|Any CPU.Build.0 = Debug|Any CPU
		{292CFB88-FB0D-4D54-B630-1E04EFF73349}.Debug|x64.ActiveCfg = Debug|Any CPU
		{292CFB88-FB0D-4D54-B630-1E04EFF73349}.Debug|x64.Build.0 = Debug|Any CPU
		{292CFB88-FB0D-4D54-B630-1E04EFF73349}.Debug|x86.ActiveCfg = Debug|Any CPU
		{292CFB88-FB0D-4D54-B630-1E04EFF73349}.Debug|x86.Build.0 = Debug|Any CPU
		{292CFB88-FB0D-4D54-B630-1E04EFF73349}.Release|Any CPU.ActiveCfg = Release|Any CPU
		{292CFB88-FB0D-4D54-B630-1E04EFF73349}.Release|Any CPU.Build.0 = Release|Any CPU
		{292CFB88-FB0D-4D54-B630-1E04EFF73349}.Release|x64.ActiveCfg = Release|Any CPU
		{292CFB88-FB0D-4D54-B630-1E04EFF73349}.Release|x64.Build.0 = Release|Any CPU
		{292CFB88-FB0D-4D54-B630-1E04EFF73349}.Release|x86.ActiveCfg = Release|Any CPU
		{292CFB88-FB0D-4D54-B630-1E04EFF73349}.Release|x86.Build.0 = Release|Any CPU
		{6833979C-AA2A-4F6D-842E-0B00D70B4223}.Debug|Any CPU.ActiveCfg = Debug|Any CPU
		{6833979C-AA2A-4F6D-842E-0B00D70B4223}.Debug|Any CPU.Build.0 = Debug|Any CPU
		{6833979C-AA2A-4F6D-842E-0B00D70B4223}.Debug|x64.ActiveCfg = Debug|Any CPU
		{6833979C-AA2A-4F6D-842E-0B00D70B4223}.Debug|x64.Build.0 = Debug|Any CPU
		{6833979C-AA2A-4F6D-842E-0B00D70B4223}.Debug|x86.ActiveCfg = Debug|Any CPU
		{6833979C-AA2A-4F6D-842E-0B00D70B4223}.Debug|x86.Build.0 = Debug|Any CPU
		{6833979C-AA2A-4F6D-842E-0B00D70B4223}.Release|Any CPU.ActiveCfg = Release|Any CPU
		{6833979C-AA2A-4F6D-842E-0B00D70B4223}.Release|Any CPU.Build.0 = Release|Any CPU
		{6833979C-AA2A-4F6D-842E-0B00D70B4223}.Release|x64.ActiveCfg = Release|Any CPU
		{6833979C-AA2A-4F6D-842E-0B00D70B4223}.Release|x64.Build.0 = Release|Any CPU
		{6833979C-AA2A-4F6D-842E-0B00D70B4223}.Release|x86.ActiveCfg = Release|Any CPU
		{6833979C-AA2A-4F6D-842E-0B00D70B4223}.Release|x86.Build.0 = Release|Any CPU
		{8C4B9758-3618-4DCC-B26E-BE2F4E44EBB9}.Debug|Any CPU.ActiveCfg = Debug|Any CPU
		{8C4B9758-3618-4DCC-B26E-BE2F4E44EBB9}.Debug|Any CPU.Build.0 = Debug|Any CPU
		{8C4B9758-3618-4DCC-B26E-BE2F4E44EBB9}.Debug|x64.ActiveCfg = Debug|Any CPU
		{8C4B9758-3618-4DCC-B26E-BE2F4E44EBB9}.Debug|x64.Build.0 = Debug|Any CPU
		{8C4B9758-3618-4DCC-B26E-BE2F4E44EBB9}.Debug|x86.ActiveCfg = Debug|Any CPU
		{8C4B9758-3618-4DCC-B26E-BE2F4E44EBB9}.Debug|x86.Build.0 = Debug|Any CPU
		{8C4B9758-3618-4DCC-B26E-BE2F4E44EBB9}.Release|Any CPU.ActiveCfg = Release|Any CPU
		{8C4B9758-3618-4DCC-B26E-BE2F4E44EBB9}.Release|Any CPU.Build.0 = Release|Any CPU
		{8C4B9758-3618-4DCC-B26E-BE2F4E44EBB9}.Release|x64.ActiveCfg = Release|Any CPU
		{8C4B9758-3618-4DCC-B26E-BE2F4E44EBB9}.Release|x64.Build.0 = Release|Any CPU
		{8C4B9758-3618-4DCC-B26E-BE2F4E44EBB9}.Release|x86.ActiveCfg = Release|Any CPU
		{8C4B9758-3618-4DCC-B26E-BE2F4E44EBB9}.Release|x86.Build.0 = Release|Any CPU
		{5A10F8B1-735E-45A7-87E0-9816CD9A781A}.Debug|Any CPU.ActiveCfg = Debug|Any CPU
		{5A10F8B1-735E-45A7-87E0-9816CD9A781A}.Debug|Any CPU.Build.0 = Debug|Any CPU
		{5A10F8B1-735E-45A7-87E0-9816CD9A781A}.Debug|x64.ActiveCfg = Debug|Any CPU
		{5A10F8B1-735E-45A7-87E0-9816CD9A781A}.Debug|x64.Build.0 = Debug|Any CPU
		{5A10F8B1-735E-45A7-87E0-9816CD9A781A}.Debug|x86.ActiveCfg = Debug|Any CPU
		{5A10F8B1-735E-45A7-87E0-9816CD9A781A}.Debug|x86.Build.0 = Debug|Any CPU
		{5A10F8B1-735E-45A7-87E0-9816CD9A781A}.Release|Any CPU.ActiveCfg = Release|Any CPU
		{5A10F8B1-735E-45A7-87E0-9816CD9A781A}.Release|Any CPU.Build.0 = Release|Any CPU
		{5A10F8B1-735E-45A7-87E0-9816CD9A781A}.Release|x64.ActiveCfg = Release|Any CPU
		{5A10F8B1-735E-45A7-87E0-9816CD9A781A}.Release|x64.Build.0 = Release|Any CPU
		{5A10F8B1-735E-45A7-87E0-9816CD9A781A}.Release|x86.ActiveCfg = Release|Any CPU
		{5A10F8B1-735E-45A7-87E0-9816CD9A781A}.Release|x86.Build.0 = Release|Any CPU
		{675082BA-38C6-4BD6-A9AA-244A18DADB0F}.Debug|Any CPU.ActiveCfg = Debug|Any CPU
		{675082BA-38C6-4BD6-A9AA-244A18DADB0F}.Debug|Any CPU.Build.0 = Debug|Any CPU
		{675082BA-38C6-4BD6-A9AA-244A18DADB0F}.Debug|x64.ActiveCfg = Debug|Any CPU
		{675082BA-38C6-4BD6-A9AA-244A18DADB0F}.Debug|x64.Build.0 = Debug|Any CPU
		{675082BA-38C6-4BD6-A9AA-244A18DADB0F}.Debug|x86.ActiveCfg = Debug|Any CPU
		{675082BA-38C6-4BD6-A9AA-244A18DADB0F}.Debug|x86.Build.0 = Debug|Any CPU
		{675082BA-38C6-4BD6-A9AA-244A18DADB0F}.Release|Any CPU.ActiveCfg = Release|Any CPU
		{675082BA-38C6-4BD6-A9AA-244A18DADB0F}.Release|Any CPU.Build.0 = Release|Any CPU
		{675082BA-38C6-4BD6-A9AA-244A18DADB0F}.Release|x64.ActiveCfg = Release|Any CPU
		{675082BA-38C6-4BD6-A9AA-244A18DADB0F}.Release|x64.Build.0 = Release|Any CPU
		{675082BA-38C6-4BD6-A9AA-244A18DADB0F}.Release|x86.ActiveCfg = Release|Any CPU
		{675082BA-38C6-4BD6-A9AA-244A18DADB0F}.Release|x86.Build.0 = Release|Any CPU
		{EF31C6DC-4B92-46FE-9400-0909ABE6857E}.Debug|Any CPU.ActiveCfg = Debug|Any CPU
		{EF31C6DC-4B92-46FE-9400-0909ABE6857E}.Debug|Any CPU.Build.0 = Debug|Any CPU
		{EF31C6DC-4B92-46FE-9400-0909ABE6857E}.Debug|x64.ActiveCfg = Debug|Any CPU
		{EF31C6DC-4B92-46FE-9400-0909ABE6857E}.Debug|x64.Build.0 = Debug|Any CPU
		{EF31C6DC-4B92-46FE-9400-0909ABE6857E}.Debug|x86.ActiveCfg = Debug|Any CPU
		{EF31C6DC-4B92-46FE-9400-0909ABE6857E}.Debug|x86.Build.0 = Debug|Any CPU
		{EF31C6DC-4B92-46FE-9400-0909ABE6857E}.Release|Any CPU.ActiveCfg = Release|Any CPU
		{EF31C6DC-4B92-46FE-9400-0909ABE6857E}.Release|Any CPU.Build.0 = Release|Any CPU
		{EF31C6DC-4B92-46FE-9400-0909ABE6857E}.Release|x64.ActiveCfg = Release|Any CPU
		{EF31C6DC-4B92-46FE-9400-0909ABE6857E}.Release|x64.Build.0 = Release|Any CPU
		{EF31C6DC-4B92-46FE-9400-0909ABE6857E}.Release|x86.ActiveCfg = Release|Any CPU
		{EF31C6DC-4B92-46FE-9400-0909ABE6857E}.Release|x86.Build.0 = Release|Any CPU
		{195FD517-92F1-4BC8-8DDC-D54DC22848BE}.Debug|Any CPU.ActiveCfg = Debug|Any CPU
		{195FD517-92F1-4BC8-8DDC-D54DC22848BE}.Debug|Any CPU.Build.0 = Debug|Any CPU
		{195FD517-92F1-4BC8-8DDC-D54DC22848BE}.Debug|x64.ActiveCfg = Debug|Any CPU
		{195FD517-92F1-4BC8-8DDC-D54DC22848BE}.Debug|x64.Build.0 = Debug|Any CPU
		{195FD517-92F1-4BC8-8DDC-D54DC22848BE}.Debug|x86.ActiveCfg = Debug|Any CPU
		{195FD517-92F1-4BC8-8DDC-D54DC22848BE}.Debug|x86.Build.0 = Debug|Any CPU
		{195FD517-92F1-4BC8-8DDC-D54DC22848BE}.Release|Any CPU.ActiveCfg = Release|Any CPU
		{195FD517-92F1-4BC8-8DDC-D54DC22848BE}.Release|Any CPU.Build.0 = Release|Any CPU
		{195FD517-92F1-4BC8-8DDC-D54DC22848BE}.Release|x64.ActiveCfg = Release|Any CPU
		{195FD517-92F1-4BC8-8DDC-D54DC22848BE}.Release|x64.Build.0 = Release|Any CPU
		{195FD517-92F1-4BC8-8DDC-D54DC22848BE}.Release|x86.ActiveCfg = Release|Any CPU
		{195FD517-92F1-4BC8-8DDC-D54DC22848BE}.Release|x86.Build.0 = Release|Any CPU
		{45D2CA16-AECB-43BC-B7DE-4CB43FD9D5C8}.Debug|Any CPU.ActiveCfg = Debug|Any CPU
		{45D2CA16-AECB-43BC-B7DE-4CB43FD9D5C8}.Debug|Any CPU.Build.0 = Debug|Any CPU
		{45D2CA16-AECB-43BC-B7DE-4CB43FD9D5C8}.Debug|x64.ActiveCfg = Debug|Any CPU
		{45D2CA16-AECB-43BC-B7DE-4CB43FD9D5C8}.Debug|x64.Build.0 = Debug|Any CPU
		{45D2CA16-AECB-43BC-B7DE-4CB43FD9D5C8}.Debug|x86.ActiveCfg = Debug|Any CPU
		{45D2CA16-AECB-43BC-B7DE-4CB43FD9D5C8}.Debug|x86.Build.0 = Debug|Any CPU
		{45D2CA16-AECB-43BC-B7DE-4CB43FD9D5C8}.Release|Any CPU.ActiveCfg = Release|Any CPU
		{45D2CA16-AECB-43BC-B7DE-4CB43FD9D5C8}.Release|Any CPU.Build.0 = Release|Any CPU
		{45D2CA16-AECB-43BC-B7DE-4CB43FD9D5C8}.Release|x64.ActiveCfg = Release|Any CPU
		{45D2CA16-AECB-43BC-B7DE-4CB43FD9D5C8}.Release|x64.Build.0 = Release|Any CPU
		{45D2CA16-AECB-43BC-B7DE-4CB43FD9D5C8}.Release|x86.ActiveCfg = Release|Any CPU
		{45D2CA16-AECB-43BC-B7DE-4CB43FD9D5C8}.Release|x86.Build.0 = Release|Any CPU
		{C9F3C258-0375-4559-88BB-0B75A01B547C}.Debug|Any CPU.ActiveCfg = Debug|Any CPU
		{C9F3C258-0375-4559-88BB-0B75A01B547C}.Debug|Any CPU.Build.0 = Debug|Any CPU
		{C9F3C258-0375-4559-88BB-0B75A01B547C}.Debug|x64.ActiveCfg = Debug|Any CPU
		{C9F3C258-0375-4559-88BB-0B75A01B547C}.Debug|x64.Build.0 = Debug|Any CPU
		{C9F3C258-0375-4559-88BB-0B75A01B547C}.Debug|x86.ActiveCfg = Debug|Any CPU
		{C9F3C258-0375-4559-88BB-0B75A01B547C}.Debug|x86.Build.0 = Debug|Any CPU
		{C9F3C258-0375-4559-88BB-0B75A01B547C}.Release|Any CPU.ActiveCfg = Release|Any CPU
		{C9F3C258-0375-4559-88BB-0B75A01B547C}.Release|Any CPU.Build.0 = Release|Any CPU
		{C9F3C258-0375-4559-88BB-0B75A01B547C}.Release|x64.ActiveCfg = Release|Any CPU
		{C9F3C258-0375-4559-88BB-0B75A01B547C}.Release|x64.Build.0 = Release|Any CPU
		{C9F3C258-0375-4559-88BB-0B75A01B547C}.Release|x86.ActiveCfg = Release|Any CPU
		{C9F3C258-0375-4559-88BB-0B75A01B547C}.Release|x86.Build.0 = Release|Any CPU
		{81A20896-BCC9-4DB6-A626-CC9D7052931D}.Debug|Any CPU.ActiveCfg = Debug|Any CPU
		{81A20896-BCC9-4DB6-A626-CC9D7052931D}.Debug|Any CPU.Build.0 = Debug|Any CPU
		{81A20896-BCC9-4DB6-A626-CC9D7052931D}.Debug|x64.ActiveCfg = Debug|Any CPU
		{81A20896-BCC9-4DB6-A626-CC9D7052931D}.Debug|x64.Build.0 = Debug|Any CPU
		{81A20896-BCC9-4DB6-A626-CC9D7052931D}.Debug|x86.ActiveCfg = Debug|Any CPU
		{81A20896-BCC9-4DB6-A626-CC9D7052931D}.Debug|x86.Build.0 = Debug|Any CPU
		{81A20896-BCC9-4DB6-A626-CC9D7052931D}.Release|Any CPU.ActiveCfg = Release|Any CPU
		{81A20896-BCC9-4DB6-A626-CC9D7052931D}.Release|Any CPU.Build.0 = Release|Any CPU
		{81A20896-BCC9-4DB6-A626-CC9D7052931D}.Release|x64.ActiveCfg = Release|Any CPU
		{81A20896-BCC9-4DB6-A626-CC9D7052931D}.Release|x64.Build.0 = Release|Any CPU
		{81A20896-BCC9-4DB6-A626-CC9D7052931D}.Release|x86.ActiveCfg = Release|Any CPU
		{81A20896-BCC9-4DB6-A626-CC9D7052931D}.Release|x86.Build.0 = Release|Any CPU
		{0A6574C5-8B9A-413F-97BC-B0975F83F979}.Debug|Any CPU.ActiveCfg = Debug|Any CPU
		{0A6574C5-8B9A-413F-97BC-B0975F83F979}.Debug|Any CPU.Build.0 = Debug|Any CPU
		{0A6574C5-8B9A-413F-97BC-B0975F83F979}.Debug|x64.ActiveCfg = Debug|Any CPU
		{0A6574C5-8B9A-413F-97BC-B0975F83F979}.Debug|x64.Build.0 = Debug|Any CPU
		{0A6574C5-8B9A-413F-97BC-B0975F83F979}.Debug|x86.ActiveCfg = Debug|Any CPU
		{0A6574C5-8B9A-413F-97BC-B0975F83F979}.Debug|x86.Build.0 = Debug|Any CPU
		{0A6574C5-8B9A-413F-97BC-B0975F83F979}.Release|Any CPU.ActiveCfg = Release|Any CPU
		{0A6574C5-8B9A-413F-97BC-B0975F83F979}.Release|Any CPU.Build.0 = Release|Any CPU
		{0A6574C5-8B9A-413F-97BC-B0975F83F979}.Release|x64.ActiveCfg = Release|Any CPU
		{0A6574C5-8B9A-413F-97BC-B0975F83F979}.Release|x64.Build.0 = Release|Any CPU
		{0A6574C5-8B9A-413F-97BC-B0975F83F979}.Release|x86.ActiveCfg = Release|Any CPU
		{0A6574C5-8B9A-413F-97BC-B0975F83F979}.Release|x86.Build.0 = Release|Any CPU
		{143ABC2D-4E4D-4B72-8B74-947B15EB77C1}.Debug|Any CPU.ActiveCfg = Debug|Any CPU
		{143ABC2D-4E4D-4B72-8B74-947B15EB77C1}.Debug|Any CPU.Build.0 = Debug|Any CPU
		{143ABC2D-4E4D-4B72-8B74-947B15EB77C1}.Debug|x64.ActiveCfg = Debug|Any CPU
		{143ABC2D-4E4D-4B72-8B74-947B15EB77C1}.Debug|x64.Build.0 = Debug|Any CPU
		{143ABC2D-4E4D-4B72-8B74-947B15EB77C1}.Debug|x86.ActiveCfg = Debug|Any CPU
		{143ABC2D-4E4D-4B72-8B74-947B15EB77C1}.Debug|x86.Build.0 = Debug|Any CPU
		{143ABC2D-4E4D-4B72-8B74-947B15EB77C1}.Release|Any CPU.ActiveCfg = Release|Any CPU
		{143ABC2D-4E4D-4B72-8B74-947B15EB77C1}.Release|Any CPU.Build.0 = Release|Any CPU
		{143ABC2D-4E4D-4B72-8B74-947B15EB77C1}.Release|x64.ActiveCfg = Release|Any CPU
		{143ABC2D-4E4D-4B72-8B74-947B15EB77C1}.Release|x64.Build.0 = Release|Any CPU
		{143ABC2D-4E4D-4B72-8B74-947B15EB77C1}.Release|x86.ActiveCfg = Release|Any CPU
		{143ABC2D-4E4D-4B72-8B74-947B15EB77C1}.Release|x86.Build.0 = Release|Any CPU
		{F1E75CA7-4073-4DEE-9A97-ADA8A0977C76}.Debug|Any CPU.ActiveCfg = Debug|Any CPU
		{F1E75CA7-4073-4DEE-9A97-ADA8A0977C76}.Debug|Any CPU.Build.0 = Debug|Any CPU
		{F1E75CA7-4073-4DEE-9A97-ADA8A0977C76}.Debug|x64.ActiveCfg = Debug|Any CPU
		{F1E75CA7-4073-4DEE-9A97-ADA8A0977C76}.Debug|x64.Build.0 = Debug|Any CPU
		{F1E75CA7-4073-4DEE-9A97-ADA8A0977C76}.Debug|x86.ActiveCfg = Debug|Any CPU
		{F1E75CA7-4073-4DEE-9A97-ADA8A0977C76}.Debug|x86.Build.0 = Debug|Any CPU
		{F1E75CA7-4073-4DEE-9A97-ADA8A0977C76}.Release|Any CPU.ActiveCfg = Release|Any CPU
		{F1E75CA7-4073-4DEE-9A97-ADA8A0977C76}.Release|Any CPU.Build.0 = Release|Any CPU
		{F1E75CA7-4073-4DEE-9A97-ADA8A0977C76}.Release|x64.ActiveCfg = Release|Any CPU
		{F1E75CA7-4073-4DEE-9A97-ADA8A0977C76}.Release|x64.Build.0 = Release|Any CPU
		{F1E75CA7-4073-4DEE-9A97-ADA8A0977C76}.Release|x86.ActiveCfg = Release|Any CPU
		{F1E75CA7-4073-4DEE-9A97-ADA8A0977C76}.Release|x86.Build.0 = Release|Any CPU
		{24E8793A-21EC-4D34-BBF0-177BE1175D6C}.Debug|Any CPU.ActiveCfg = Debug|Any CPU
		{24E8793A-21EC-4D34-BBF0-177BE1175D6C}.Debug|Any CPU.Build.0 = Debug|Any CPU
		{24E8793A-21EC-4D34-BBF0-177BE1175D6C}.Debug|x64.ActiveCfg = Debug|Any CPU
		{24E8793A-21EC-4D34-BBF0-177BE1175D6C}.Debug|x64.Build.0 = Debug|Any CPU
		{24E8793A-21EC-4D34-BBF0-177BE1175D6C}.Debug|x86.ActiveCfg = Debug|Any CPU
		{24E8793A-21EC-4D34-BBF0-177BE1175D6C}.Debug|x86.Build.0 = Debug|Any CPU
		{24E8793A-21EC-4D34-BBF0-177BE1175D6C}.Release|Any CPU.ActiveCfg = Release|Any CPU
		{24E8793A-21EC-4D34-BBF0-177BE1175D6C}.Release|Any CPU.Build.0 = Release|Any CPU
		{24E8793A-21EC-4D34-BBF0-177BE1175D6C}.Release|x64.ActiveCfg = Release|Any CPU
		{24E8793A-21EC-4D34-BBF0-177BE1175D6C}.Release|x64.Build.0 = Release|Any CPU
		{24E8793A-21EC-4D34-BBF0-177BE1175D6C}.Release|x86.ActiveCfg = Release|Any CPU
		{24E8793A-21EC-4D34-BBF0-177BE1175D6C}.Release|x86.Build.0 = Release|Any CPU
		{5D66CB2C-7BDA-4489-AFD8-9E3D6D93289C}.Debug|Any CPU.ActiveCfg = Debug|Any CPU
		{5D66CB2C-7BDA-4489-AFD8-9E3D6D93289C}.Debug|Any CPU.Build.0 = Debug|Any CPU
		{5D66CB2C-7BDA-4489-AFD8-9E3D6D93289C}.Debug|x64.ActiveCfg = Debug|Any CPU
		{5D66CB2C-7BDA-4489-AFD8-9E3D6D93289C}.Debug|x64.Build.0 = Debug|Any CPU
		{5D66CB2C-7BDA-4489-AFD8-9E3D6D93289C}.Debug|x86.ActiveCfg = Debug|Any CPU
		{5D66CB2C-7BDA-4489-AFD8-9E3D6D93289C}.Debug|x86.Build.0 = Debug|Any CPU
		{5D66CB2C-7BDA-4489-AFD8-9E3D6D93289C}.Release|Any CPU.ActiveCfg = Release|Any CPU
		{5D66CB2C-7BDA-4489-AFD8-9E3D6D93289C}.Release|Any CPU.Build.0 = Release|Any CPU
		{5D66CB2C-7BDA-4489-AFD8-9E3D6D93289C}.Release|x64.ActiveCfg = Release|Any CPU
		{5D66CB2C-7BDA-4489-AFD8-9E3D6D93289C}.Release|x64.Build.0 = Release|Any CPU
		{5D66CB2C-7BDA-4489-AFD8-9E3D6D93289C}.Release|x86.ActiveCfg = Release|Any CPU
		{5D66CB2C-7BDA-4489-AFD8-9E3D6D93289C}.Release|x86.Build.0 = Release|Any CPU
	EndGlobalSection
	GlobalSection(SolutionProperties) = preSolution
		HideSolutionNode = FALSE
	EndGlobalSection
	GlobalSection(ExtensibilityGlobals) = postSolution
		SolutionGuid = {CD3AD891-E309-4132-9804-B679D0BC9567}
	EndGlobalSection
EndGlobal
