
Microsoft Visual Studio Solution File, Format Version 12.00
# Visual Studio 15
VisualStudioVersion = 15.0.27703.2042
MinimumVisualStudioVersion = 10.0.40219.1
Project("{9A19103F-16F7-4668-BE54-9A1E7A4F7556}") = "Problem13", "Problem13\Problem13.csproj", "{933C3FA5-9868-420D-9672-A5F27FD25C2E}"
EndProject
Project("{9A19103F-16F7-4668-BE54-9A1E7A4F7556}") = "Problem1", "Problem1\Problem1\Problem1.csproj", "{F5004F2A-031E-4B6F-ADF5-C0EB42B6E7F1}"
EndProject
Project("{9A19103F-16F7-4668-BE54-9A1E7A4F7556}") = "Problem2", "Problem2\Problem2\Problem2.csproj", "{23DEBD45-5147-4894-A580-8CE4A82E4FF6}"
EndProject
Project("{9A19103F-16F7-4668-BE54-9A1E7A4F7556}") = "Problem3", "Problem3\Problem3\Problem3.csproj", "{57E22738-2CA8-4914-80FC-ABD79DC0CCF3}"
EndProject
Project("{9A19103F-16F7-4668-BE54-9A1E7A4F7556}") = "Problem4", "Problem4\Problem4\Problem4.csproj", "{EEE243AB-BF36-47C9-A4F6-5DA61CF5794F}"
EndProject
Project("{9A19103F-16F7-4668-BE54-9A1E7A4F7556}") = "Problem6", "Problem6\Problem6\Problem6.csproj", "{430D0D76-25B9-4B98-8383-1DB122C1775D}"
EndProject
Project("{9A19103F-16F7-4668-BE54-9A1E7A4F7556}") = "Problem7", "Problem7\Problem7\Problem7.csproj", "{1EA29360-65D1-4773-B014-2961F03709CA}"
EndProject
Project("{9A19103F-16F7-4668-BE54-9A1E7A4F7556}") = "Problem8", "Problem8\Problem8\Problem8.csproj", "{B5E7F8BD-66A9-4DAA-91A9-82347882DED9}"
EndProject
Project("{9A19103F-16F7-4668-BE54-9A1E7A4F7556}") = "Problem14", "Problem14\Problem14\Problem14.csproj", "{52963DDE-38D9-4DE8-997F-7029CC652251}"
EndProject
Global
	GlobalSection(SolutionConfigurationPlatforms) = preSolution
		Debug|Any CPU = Debug|Any CPU
		Release|Any CPU = Release|Any CPU
	EndGlobalSection
	GlobalSection(ProjectConfigurationPlatforms) = postSolution
		{933C3FA5-9868-420D-9672-A5F27FD25C2E}.Debug|Any CPU.ActiveCfg = Debug|Any CPU
		{933C3FA5-9868-420D-9672-A5F27FD25C2E}.Debug|Any CPU.Build.0 = Debug|Any CPU
		{933C3FA5-9868-420D-9672-A5F27FD25C2E}.Release|Any CPU.ActiveCfg = Release|Any CPU
		{933C3FA5-9868-420D-9672-A5F27FD25C2E}.Release|Any CPU.Build.0 = Release|Any CPU
		{F5004F2A-031E-4B6F-ADF5-C0EB42B6E7F1}.Debug|Any CPU.ActiveCfg = Debug|Any CPU
		{F5004F2A-031E-4B6F-ADF5-C0EB42B6E7F1}.Debug|Any CPU.Build.0 = Debug|Any CPU
		{F5004F2A-031E-4B6F-ADF5-C0EB42B6E7F1}.Release|Any CPU.ActiveCfg = Release|Any CPU
		{F5004F2A-031E-4B6F-ADF5-C0EB42B6E7F1}.Release|Any CPU.Build.0 = Release|Any CPU
		{23DEBD45-5147-4894-A580-8CE4A82E4FF6}.Debug|Any CPU.ActiveCfg = Debug|Any CPU
		{23DEBD45-5147-4894-A580-8CE4A82E4FF6}.Debug|Any CPU.Build.0 = Debug|Any CPU
		{23DEBD45-5147-4894-A580-8CE4A82E4FF6}.Release|Any CPU.ActiveCfg = Release|Any CPU
		{23DEBD45-5147-4894-A580-8CE4A82E4FF6}.Release|Any CPU.Build.0 = Release|Any CPU
		{57E22738-2CA8-4914-80FC-ABD79DC0CCF3}.Debug|Any CPU.ActiveCfg = Debug|Any CPU
		{57E22738-2CA8-4914-80FC-ABD79DC0CCF3}.Debug|Any CPU.Build.0 = Debug|Any CPU
		{57E22738-2CA8-4914-80FC-ABD79DC0CCF3}.Release|Any CPU.ActiveCfg = Release|Any CPU
		{57E22738-2CA8-4914-80FC-ABD79DC0CCF3}.Release|Any CPU.Build.0 = Release|Any CPU
		{EEE243AB-BF36-47C9-A4F6-5DA61CF5794F}.Debug|Any CPU.ActiveCfg = Debug|Any CPU
		{EEE243AB-BF36-47C9-A4F6-5DA61CF5794F}.Debug|Any CPU.Build.0 = Debug|Any CPU
		{EEE243AB-BF36-47C9-A4F6-5DA61CF5794F}.Release|Any CPU.ActiveCfg = Release|Any CPU
		{EEE243AB-BF36-47C9-A4F6-5DA61CF5794F}.Release|Any CPU.Build.0 = Release|Any CPU
		{430D0D76-25B9-4B98-8383-1DB122C1775D}.Debug|Any CPU.ActiveCfg = Debug|Any CPU
		{430D0D76-25B9-4B98-8383-1DB122C1775D}.Debug|Any CPU.Build.0 = Debug|Any CPU
		{430D0D76-25B9-4B98-8383-1DB122C1775D}.Release|Any CPU.ActiveCfg = Release|Any CPU
		{430D0D76-25B9-4B98-8383-1DB122C1775D}.Release|Any CPU.Build.0 = Release|Any CPU
		{1EA29360-65D1-4773-B014-2961F03709CA}.Debug|Any CPU.ActiveCfg = Debug|Any CPU
		{1EA29360-65D1-4773-B014-2961F03709CA}.Debug|Any CPU.Build.0 = Debug|Any CPU
		{1EA29360-65D1-4773-B014-2961F03709CA}.Release|Any CPU.ActiveCfg = Release|Any CPU
		{1EA29360-65D1-4773-B014-2961F03709CA}.Release|Any CPU.Build.0 = Release|Any CPU
		{B5E7F8BD-66A9-4DAA-91A9-82347882DED9}.Debug|Any CPU.ActiveCfg = Debug|Any CPU
		{B5E7F8BD-66A9-4DAA-91A9-82347882DED9}.Debug|Any CPU.Build.0 = Debug|Any CPU
		{B5E7F8BD-66A9-4DAA-91A9-82347882DED9}.Release|Any CPU.ActiveCfg = Release|Any CPU
		{B5E7F8BD-66A9-4DAA-91A9-82347882DED9}.Release|Any CPU.Build.0 = Release|Any CPU
		{52963DDE-38D9-4DE8-997F-7029CC652251}.Debug|Any CPU.ActiveCfg = Debug|Any CPU
		{52963DDE-38D9-4DE8-997F-7029CC652251}.Debug|Any CPU.Build.0 = Debug|Any CPU
		{52963DDE-38D9-4DE8-997F-7029CC652251}.Release|Any CPU.ActiveCfg = Release|Any CPU
		{52963DDE-38D9-4DE8-997F-7029CC652251}.Release|Any CPU.Build.0 = Release|Any CPU
	EndGlobalSection
	GlobalSection(SolutionProperties) = preSolution
		HideSolutionNode = FALSE
	EndGlobalSection
	GlobalSection(ExtensibilityGlobals) = postSolution
		SolutionGuid = {CD3AD891-E309-4132-9804-B679D0BC9567}
	EndGlobalSection
EndGlobal
