
Microsoft Visual Studio Solution File, Format Version 12.00
# Visual Studio 15
VisualStudioVersion = 15.0.27703.2042
MinimumVisualStudioVersion = 10.0.40219.1
Project("{FAE04EC0-301F-11D3-BF4B-00C04F79EFBC}") = "Problem4", "Problem4\Problem4.csproj", "{93A63FAF-E135-445A-9B7D-60901370F7DA}"
EndProject
Global
	GlobalSection(SolutionConfigurationPlatforms) = preSolution
		Debug|Any CPU = Debug|Any CPU
		Release|Any CPU = Release|Any CPU
	EndGlobalSection
	GlobalSection(ProjectConfigurationPlatforms) = postSolution
		{93A63FAF-E135-445A-9B7D-60901370F7DA}.Debug|Any CPU.ActiveCfg = Debug|Any CPU
		{93A63FAF-E135-445A-9B7D-60901370F7DA}.Debug|Any CPU.Build.0 = Debug|Any CPU
		{93A63FAF-E135-445A-9B7D-60901370F7DA}.Release|Any CPU.ActiveCfg = Release|Any CPU
		{93A63FAF-E135-445A-9B7D-60901370F7DA}.Release|Any CPU.Build.0 = Release|Any CPU
	EndGlobalSection
	GlobalSection(SolutionProperties) = preSolution
		HideSolutionNode = FALSE
	EndGlobalSection
	GlobalSection(ExtensibilityGlobals) = postSolution
		SolutionGuid = {373FEA65-BAEB-41FB-AC19-E14D2A055D59}
	EndGlobalSection
EndGlobal
