
Microsoft Visual Studio Solution File, Format Version 12.00
# Visual Studio 15
VisualStudioVersion = 15.0.27703.2042
MinimumVisualStudioVersion = 10.0.40219.1
Project("{FAE04EC0-301F-11D3-BF4B-00C04F79EFBC}") = "Problem6", "Problem6\Problem6.csproj", "{DE989008-20C9-4E2A-81C2-A181BE3D059B}"
EndProject
Global
	GlobalSection(SolutionConfigurationPlatforms) = preSolution
		Debug|Any CPU = Debug|Any CPU
		Release|Any CPU = Release|Any CPU
	EndGlobalSection
	GlobalSection(ProjectConfigurationPlatforms) = postSolution
		{DE989008-20C9-4E2A-81C2-A181BE3D059B}.Debug|Any CPU.ActiveCfg = Debug|Any CPU
		{DE989008-20C9-4E2A-81C2-A181BE3D059B}.Debug|Any CPU.Build.0 = Debug|Any CPU
		{DE989008-20C9-4E2A-81C2-A181BE3D059B}.Release|Any CPU.ActiveCfg = Release|Any CPU
		{DE989008-20C9-4E2A-81C2-A181BE3D059B}.Release|Any CPU.Build.0 = Release|Any CPU
	EndGlobalSection
	GlobalSection(SolutionProperties) = preSolution
		HideSolutionNode = FALSE
	EndGlobalSection
	GlobalSection(ExtensibilityGlobals) = postSolution
		SolutionGuid = {0A95DEAD-B2B1-4C8C-B8F9-5B4F537C1563}
	EndGlobalSection
EndGlobal
